// !$*UTF8*$!
{
	archiveVersion = 1;
	classes = {
	};
	objectVersion = 46;
	objects = {

/* Begin PBXBuildFile section */
		110743C99325BABE956CAD1C /* Pods.framework in Frameworks */ = {isa = PBXBuildFile; fileRef = CD739F80ECA06D8DCC9B8C83 /* Pods.framework */; };
		DC1357FE1C0D7F08001C5B75 /* Settings.bundle in Resources */ = {isa = PBXBuildFile; fileRef = DC1357FD1C0D7F08001C5B75 /* Settings.bundle */; };
		DC1421F71C0B86D7002ABD01 /* CoinDeskAPI.swift in Sources */ = {isa = PBXBuildFile; fileRef = DC1421F61C0B86D7002ABD01 /* CoinDeskAPI.swift */; };
		DC4637C01C0B8F870004E9D8 /* Ad.swift in Sources */ = {isa = PBXBuildFile; fileRef = DC4637BF1C0B8F870004E9D8 /* Ad.swift */; };
		DC5351211BFF2880008029CE /* LocalBitcoinAPITests.swift in Sources */ = {isa = PBXBuildFile; fileRef = DC5351201BFF2880008029CE /* LocalBitcoinAPITests.swift */; };
		DC5351231BFF2981008029CE /* LocalBitcoinAPI.swift in Sources */ = {isa = PBXBuildFile; fileRef = DC5351221BFF2981008029CE /* LocalBitcoinAPI.swift */; };
		DC5351271BFF32AD008029CE /* MapKit.framework in Frameworks */ = {isa = PBXBuildFile; fileRef = DC5351261BFF32AD008029CE /* MapKit.framework */; };
		DC8F92681BFF243600CBBDA2 /* AppDelegate.swift in Sources */ = {isa = PBXBuildFile; fileRef = DC8F92671BFF243600CBBDA2 /* AppDelegate.swift */; };
		DC8F926D1BFF243600CBBDA2 /* Main.storyboard in Resources */ = {isa = PBXBuildFile; fileRef = DC8F926B1BFF243600CBBDA2 /* Main.storyboard */; };
		DC8F92701BFF243600CBBDA2 /* BitcoinFinder.xcdatamodeld in Sources */ = {isa = PBXBuildFile; fileRef = DC8F926E1BFF243600CBBDA2 /* BitcoinFinder.xcdatamodeld */; };
		DC8F92721BFF243600CBBDA2 /* Assets.xcassets in Resources */ = {isa = PBXBuildFile; fileRef = DC8F92711BFF243600CBBDA2 /* Assets.xcassets */; };
		DC8F92751BFF243600CBBDA2 /* LaunchScreen.storyboard in Resources */ = {isa = PBXBuildFile; fileRef = DC8F92731BFF243600CBBDA2 /* LaunchScreen.storyboard */; };
		DCD052D91C0E058D00FA7735 /* Trader.swift in Sources */ = {isa = PBXBuildFile; fileRef = DCD052D81C0E058D00FA7735 /* Trader.swift */; };
		DCD052DC1C0E067000FA7735 /* CoreDataStackManager.swift in Sources */ = {isa = PBXBuildFile; fileRef = DCD052DB1C0E067000FA7735 /* CoreDataStackManager.swift */; };
		DCD052DF1C0ED9F300FA7735 /* Place.swift in Sources */ = {isa = PBXBuildFile; fileRef = DCD052DE1C0ED9F300FA7735 /* Place.swift */; };
		DCD052E11C0EDA4900FA7735 /* Offer.swift in Sources */ = {isa = PBXBuildFile; fileRef = DCD052E01C0EDA4900FA7735 /* Offer.swift */; };
		DCD052E41C0F145100FA7735 /* CoinDeskAPITests.swift in Sources */ = {isa = PBXBuildFile; fileRef = DCD052E31C0F145100FA7735 /* CoinDeskAPITests.swift */; };
		DCD052EF1C0F6C1D00FA7735 /* PriceIndexViewController.swift in Sources */ = {isa = PBXBuildFile; fileRef = DCD052EE1C0F6C1D00FA7735 /* PriceIndexViewController.swift */; };
		DCD052F11C106AB700FA7735 /* BPIManager.swift in Sources */ = {isa = PBXBuildFile; fileRef = DCD052F01C106AB700FA7735 /* BPIManager.swift */; };
		DCD052F81C107C7200FA7735 /* DateHelper.swift in Sources */ = {isa = PBXBuildFile; fileRef = DCD052F71C107C7200FA7735 /* DateHelper.swift */; };
		DCD052FB1C107D3900FA7735 /* DateHelperTests.swift in Sources */ = {isa = PBXBuildFile; fileRef = DCD052FA1C107D3900FA7735 /* DateHelperTests.swift */; };
		DCD052FD1C109AF400FA7735 /* CoinDeskBPITests.swift in Sources */ = {isa = PBXBuildFile; fileRef = DCD052FC1C109AF400FA7735 /* CoinDeskBPITests.swift */; };
		DCD052FF1C10A18800FA7735 /* CoinDeskBPI.swift in Sources */ = {isa = PBXBuildFile; fileRef = DCD052F41C1075A600FA7735 /* CoinDeskBPI.swift */; };
		DCD4242E1C4A508600FF56E3 /* OfferListViewControllerTests.swift in Sources */ = {isa = PBXBuildFile; fileRef = DCD4242D1C4A508600FF56E3 /* OfferListViewControllerTests.swift */; };
		DCD424301C4A526D00FF56E3 /* OfferListDataProviderProtocol.swift in Sources */ = {isa = PBXBuildFile; fileRef = DCD4242F1C4A526D00FF56E3 /* OfferListDataProviderProtocol.swift */; };
		DCD424321C4A530100FF56E3 /* OfferListDataProvider.swift in Sources */ = {isa = PBXBuildFile; fileRef = DCD424311C4A530100FF56E3 /* OfferListDataProvider.swift */; };
		DCD424341C4A536800FF56E3 /* OfferInfo.swift in Sources */ = {isa = PBXBuildFile; fileRef = DCD424331C4A536800FF56E3 /* OfferInfo.swift */; };
		DCD424361C4A543000FF56E3 /* OfferType.swift in Sources */ = {isa = PBXBuildFile; fileRef = DCD424351C4A543000FF56E3 /* OfferType.swift */; };
		DCD424391C4A8BEE00FF56E3 /* OfferListViewController.swift in Sources */ = {isa = PBXBuildFile; fileRef = DCD424381C4A8BEE00FF56E3 /* OfferListViewController.swift */; };
/* End PBXBuildFile section */

/* Begin PBXContainerItemProxy section */
		DC8F927C1BFF243600CBBDA2 /* PBXContainerItemProxy */ = {
			isa = PBXContainerItemProxy;
			containerPortal = DC8F925C1BFF243600CBBDA2 /* Project object */;
			proxyType = 1;
			remoteGlobalIDString = DC8F92631BFF243600CBBDA2;
			remoteInfo = BitcoinFinder;
		};
/* End PBXContainerItemProxy section */

/* Begin PBXFileReference section */
		0EECE7F408DD4DBF3C6756C5 /* Pods.debug.xcconfig */ = {isa = PBXFileReference; includeInIndex = 1; lastKnownFileType = text.xcconfig; name = Pods.debug.xcconfig; path = "Pods/Target Support Files/Pods/Pods.debug.xcconfig"; sourceTree = "<group>"; };
		2A9D65BF955D5DA4134FAE58 /* Pods.release.xcconfig */ = {isa = PBXFileReference; includeInIndex = 1; lastKnownFileType = text.xcconfig; name = Pods.release.xcconfig; path = "Pods/Target Support Files/Pods/Pods.release.xcconfig"; sourceTree = "<group>"; };
		CD739F80ECA06D8DCC9B8C83 /* Pods.framework */ = {isa = PBXFileReference; explicitFileType = wrapper.framework; includeInIndex = 0; path = Pods.framework; sourceTree = BUILT_PRODUCTS_DIR; };
		DC1357FD1C0D7F08001C5B75 /* Settings.bundle */ = {isa = PBXFileReference; lastKnownFileType = "wrapper.plug-in"; path = Settings.bundle; sourceTree = "<group>"; };
		DC1421F61C0B86D7002ABD01 /* CoinDeskAPI.swift */ = {isa = PBXFileReference; fileEncoding = 4; lastKnownFileType = sourcecode.swift; path = CoinDeskAPI.swift; sourceTree = "<group>"; };
		DC4637BF1C0B8F870004E9D8 /* Ad.swift */ = {isa = PBXFileReference; fileEncoding = 4; lastKnownFileType = sourcecode.swift; path = Ad.swift; sourceTree = "<group>"; };
		DC5351201BFF2880008029CE /* LocalBitcoinAPITests.swift */ = {isa = PBXFileReference; fileEncoding = 4; lastKnownFileType = sourcecode.swift; path = LocalBitcoinAPITests.swift; sourceTree = "<group>"; };
		DC5351221BFF2981008029CE /* LocalBitcoinAPI.swift */ = {isa = PBXFileReference; fileEncoding = 4; lastKnownFileType = sourcecode.swift; path = LocalBitcoinAPI.swift; sourceTree = "<group>"; };
		DC5351261BFF32AD008029CE /* MapKit.framework */ = {isa = PBXFileReference; lastKnownFileType = wrapper.framework; name = MapKit.framework; path = System/Library/Frameworks/MapKit.framework; sourceTree = SDKROOT; };
		DC8F92641BFF243600CBBDA2 /* BitcoinFinder.app */ = {isa = PBXFileReference; explicitFileType = wrapper.application; includeInIndex = 0; path = BitcoinFinder.app; sourceTree = BUILT_PRODUCTS_DIR; };
		DC8F92671BFF243600CBBDA2 /* AppDelegate.swift */ = {isa = PBXFileReference; lastKnownFileType = sourcecode.swift; path = AppDelegate.swift; sourceTree = "<group>"; };
		DC8F926C1BFF243600CBBDA2 /* Base */ = {isa = PBXFileReference; lastKnownFileType = file.storyboard; name = Base; path = Base.lproj/Main.storyboard; sourceTree = "<group>"; };
		DC8F926F1BFF243600CBBDA2 /* BitcoinFinder.xcdatamodel */ = {isa = PBXFileReference; lastKnownFileType = wrapper.xcdatamodel; path = BitcoinFinder.xcdatamodel; sourceTree = "<group>"; };
		DC8F92711BFF243600CBBDA2 /* Assets.xcassets */ = {isa = PBXFileReference; lastKnownFileType = folder.assetcatalog; path = Assets.xcassets; sourceTree = "<group>"; };
		DC8F92741BFF243600CBBDA2 /* Base */ = {isa = PBXFileReference; lastKnownFileType = file.storyboard; name = Base; path = Base.lproj/LaunchScreen.storyboard; sourceTree = "<group>"; };
		DC8F92761BFF243600CBBDA2 /* Info.plist */ = {isa = PBXFileReference; lastKnownFileType = text.plist.xml; path = Info.plist; sourceTree = "<group>"; };
		DC8F927B1BFF243600CBBDA2 /* BitcoinFinderTests.xctest */ = {isa = PBXFileReference; explicitFileType = wrapper.cfbundle; includeInIndex = 0; path = BitcoinFinderTests.xctest; sourceTree = BUILT_PRODUCTS_DIR; };
		DC8F92811BFF243600CBBDA2 /* Info.plist */ = {isa = PBXFileReference; lastKnownFileType = text.plist.xml; path = Info.plist; sourceTree = "<group>"; };
		DCD052D81C0E058D00FA7735 /* Trader.swift */ = {isa = PBXFileReference; fileEncoding = 4; lastKnownFileType = sourcecode.swift; path = Trader.swift; sourceTree = "<group>"; };
		DCD052DB1C0E067000FA7735 /* CoreDataStackManager.swift */ = {isa = PBXFileReference; fileEncoding = 4; lastKnownFileType = sourcecode.swift; path = CoreDataStackManager.swift; sourceTree = "<group>"; };
		DCD052DE1C0ED9F300FA7735 /* Place.swift */ = {isa = PBXFileReference; fileEncoding = 4; lastKnownFileType = sourcecode.swift; path = Place.swift; sourceTree = "<group>"; };
		DCD052E01C0EDA4900FA7735 /* Offer.swift */ = {isa = PBXFileReference; fileEncoding = 4; lastKnownFileType = sourcecode.swift; path = Offer.swift; sourceTree = "<group>"; };
		DCD052E31C0F145100FA7735 /* CoinDeskAPITests.swift */ = {isa = PBXFileReference; fileEncoding = 4; lastKnownFileType = sourcecode.swift; path = CoinDeskAPITests.swift; sourceTree = "<group>"; };
		DCD052EE1C0F6C1D00FA7735 /* PriceIndexViewController.swift */ = {isa = PBXFileReference; fileEncoding = 4; lastKnownFileType = sourcecode.swift; path = PriceIndexViewController.swift; sourceTree = "<group>"; };
		DCD052F01C106AB700FA7735 /* BPIManager.swift */ = {isa = PBXFileReference; fileEncoding = 4; lastKnownFileType = sourcecode.swift; path = BPIManager.swift; sourceTree = "<group>"; };
		DCD052F41C1075A600FA7735 /* CoinDeskBPI.swift */ = {isa = PBXFileReference; fileEncoding = 4; lastKnownFileType = sourcecode.swift; name = CoinDeskBPI.swift; path = BitcoinFinderTests/CoinDeskBPI.swift; sourceTree = SOURCE_ROOT; };
		DCD052F71C107C7200FA7735 /* DateHelper.swift */ = {isa = PBXFileReference; fileEncoding = 4; lastKnownFileType = sourcecode.swift; path = DateHelper.swift; sourceTree = "<group>"; };
		DCD052FA1C107D3900FA7735 /* DateHelperTests.swift */ = {isa = PBXFileReference; fileEncoding = 4; lastKnownFileType = sourcecode.swift; path = DateHelperTests.swift; sourceTree = "<group>"; };
		DCD052FC1C109AF400FA7735 /* CoinDeskBPITests.swift */ = {isa = PBXFileReference; fileEncoding = 4; lastKnownFileType = sourcecode.swift; path = CoinDeskBPITests.swift; sourceTree = "<group>"; };
		DCD4242D1C4A508600FF56E3 /* OfferListViewControllerTests.swift */ = {isa = PBXFileReference; fileEncoding = 4; lastKnownFileType = sourcecode.swift; path = OfferListViewControllerTests.swift; sourceTree = "<group>"; };
		DCD4242F1C4A526D00FF56E3 /* OfferListDataProviderProtocol.swift */ = {isa = PBXFileReference; fileEncoding = 4; lastKnownFileType = sourcecode.swift; path = OfferListDataProviderProtocol.swift; sourceTree = "<group>"; };
		DCD424311C4A530100FF56E3 /* OfferListDataProvider.swift */ = {isa = PBXFileReference; fileEncoding = 4; lastKnownFileType = sourcecode.swift; path = OfferListDataProvider.swift; sourceTree = "<group>"; };
		DCD424331C4A536800FF56E3 /* OfferInfo.swift */ = {isa = PBXFileReference; fileEncoding = 4; lastKnownFileType = sourcecode.swift; path = OfferInfo.swift; sourceTree = "<group>"; };
		DCD424351C4A543000FF56E3 /* OfferType.swift */ = {isa = PBXFileReference; fileEncoding = 4; lastKnownFileType = sourcecode.swift; path = OfferType.swift; sourceTree = "<group>"; };
		DCD424381C4A8BEE00FF56E3 /* OfferListViewController.swift */ = {isa = PBXFileReference; fileEncoding = 4; lastKnownFileType = sourcecode.swift; path = OfferListViewController.swift; sourceTree = "<group>"; };
/* End PBXFileReference section */

/* Begin PBXFrameworksBuildPhase section */
		DC8F92611BFF243600CBBDA2 /* Frameworks */ = {
			isa = PBXFrameworksBuildPhase;
			buildActionMask = 2147483647;
			files = (
				DC5351271BFF32AD008029CE /* MapKit.framework in Frameworks */,
				110743C99325BABE956CAD1C /* Pods.framework in Frameworks */,
			);
			runOnlyForDeploymentPostprocessing = 0;
		};
		DC8F92781BFF243600CBBDA2 /* Frameworks */ = {
			isa = PBXFrameworksBuildPhase;
			buildActionMask = 2147483647;
			files = (
			);
			runOnlyForDeploymentPostprocessing = 0;
		};
/* End PBXFrameworksBuildPhase section */

/* Begin PBXGroup section */
		2A1A331AA86408EFFC94474C /* Pods */ = {
			isa = PBXGroup;
			children = (
				0EECE7F408DD4DBF3C6756C5 /* Pods.debug.xcconfig */,
				2A9D65BF955D5DA4134FAE58 /* Pods.release.xcconfig */,
			);
			name = Pods;
			sourceTree = "<group>";
		};
		C6D04FAFFEE38FEB445C9378 /* Frameworks */ = {
			isa = PBXGroup;
			children = (
				DC5351261BFF32AD008029CE /* MapKit.framework */,
				CD739F80ECA06D8DCC9B8C83 /* Pods.framework */,
			);
			name = Frameworks;
			sourceTree = "<group>";
		};
		DC1421F81C0B8AC8002ABD01 /* CoinDesk */ = {
			isa = PBXGroup;
			children = (
				DCD052F41C1075A600FA7735 /* CoinDeskBPI.swift */,
				DC1421F61C0B86D7002ABD01 /* CoinDeskAPI.swift */,
			);
			name = CoinDesk;
			sourceTree = "<group>";
		};
		DC1421F91C0B8ADD002ABD01 /* LocalBitcoin */ = {
			isa = PBXGroup;
			children = (
				DC4637BF1C0B8F870004E9D8 /* Ad.swift */,
				DC5351221BFF2981008029CE /* LocalBitcoinAPI.swift */,
			);
			name = LocalBitcoin;
			sourceTree = "<group>";
		};
		DC53511F1BFF2624008029CE /* Models */ = {
			isa = PBXGroup;
			children = (
				DCD052E21C0EDB5300FA7735 /* Cloud */,
				DCD052DA1C0E065700FA7735 /* Persistance */,
				DCD052D81C0E058D00FA7735 /* Trader.swift */,
				DCD052DE1C0ED9F300FA7735 /* Place.swift */,
				DCD424371C4A593B00FF56E3 /* Offer */,
				DCD052F01C106AB700FA7735 /* BPIManager.swift */,
			);
			name = Models;
			sourceTree = "<group>";
		};
		DC8F925B1BFF243600CBBDA2 = {
			isa = PBXGroup;
			children = (
				DC1357FD1C0D7F08001C5B75 /* Settings.bundle */,
				DC8F92661BFF243600CBBDA2 /* BitcoinFinder */,
				DC8F927E1BFF243600CBBDA2 /* BitcoinFinderTests */,
				DC8F92651BFF243600CBBDA2 /* Products */,
				C6D04FAFFEE38FEB445C9378 /* Frameworks */,
				2A1A331AA86408EFFC94474C /* Pods */,
			);
			sourceTree = "<group>";
		};
		DC8F92651BFF243600CBBDA2 /* Products */ = {
			isa = PBXGroup;
			children = (
				DC8F92641BFF243600CBBDA2 /* BitcoinFinder.app */,
				DC8F927B1BFF243600CBBDA2 /* BitcoinFinderTests.xctest */,
			);
			name = Products;
			sourceTree = "<group>";
		};
		DC8F92661BFF243600CBBDA2 /* BitcoinFinder */ = {
			isa = PBXGroup;
			children = (
				DCD052F61C107C5A00FA7735 /* Helpers */,
				DCD052ED1C0F6BF700FA7735 /* Controllers */,
				DC53511F1BFF2624008029CE /* Models */,
				DC8F92671BFF243600CBBDA2 /* AppDelegate.swift */,
				DCD052DD1C0ED88600FA7735 /* Storyboards */,
				DC8F92711BFF243600CBBDA2 /* Assets.xcassets */,
				DC8F92761BFF243600CBBDA2 /* Info.plist */,
			);
			path = BitcoinFinder;
			sourceTree = "<group>";
		};
		DC8F927E1BFF243600CBBDA2 /* BitcoinFinderTests */ = {
			isa = PBXGroup;
			children = (
				DCD4242C1C4A500A00FF56E3 /* Controllers */,
				DCD052F91C107D0800FA7735 /* Helpers */,
				DC8F92811BFF243600CBBDA2 /* Info.plist */,
				DCD052F21C10756500FA7735 /* LocalBitcoinTests */,
				DCD052F31C10757500FA7735 /* CoinDeskTests */,
			);
			path = BitcoinFinderTests;
			sourceTree = "<group>";
		};
		DCD052DA1C0E065700FA7735 /* Persistance */ = {
			isa = PBXGroup;
			children = (
				DC8F926E1BFF243600CBBDA2 /* BitcoinFinder.xcdatamodeld */,
				DCD052DB1C0E067000FA7735 /* CoreDataStackManager.swift */,
			);
			name = Persistance;
			sourceTree = "<group>";
		};
		DCD052DD1C0ED88600FA7735 /* Storyboards */ = {
			isa = PBXGroup;
			children = (
				DC8F926B1BFF243600CBBDA2 /* Main.storyboard */,
				DC8F92731BFF243600CBBDA2 /* LaunchScreen.storyboard */,
			);
			name = Storyboards;
			sourceTree = "<group>";
		};
		DCD052E21C0EDB5300FA7735 /* Cloud */ = {
			isa = PBXGroup;
			children = (
				DC1421F81C0B8AC8002ABD01 /* CoinDesk */,
				DC1421F91C0B8ADD002ABD01 /* LocalBitcoin */,
			);
			name = Cloud;
			sourceTree = "<group>";
		};
		DCD052ED1C0F6BF700FA7735 /* Controllers */ = {
			isa = PBXGroup;
			children = (
				DCD052EE1C0F6C1D00FA7735 /* PriceIndexViewController.swift */,
				DCD424381C4A8BEE00FF56E3 /* OfferListViewController.swift */,
			);
			name = Controllers;
			sourceTree = "<group>";
		};
		DCD052F21C10756500FA7735 /* LocalBitcoinTests */ = {
			isa = PBXGroup;
			children = (
				DC5351201BFF2880008029CE /* LocalBitcoinAPITests.swift */,
			);
			name = LocalBitcoinTests;
			sourceTree = "<group>";
		};
		DCD052F31C10757500FA7735 /* CoinDeskTests */ = {
			isa = PBXGroup;
			children = (
				DCD052E31C0F145100FA7735 /* CoinDeskAPITests.swift */,
				DCD052FC1C109AF400FA7735 /* CoinDeskBPITests.swift */,
			);
			name = CoinDeskTests;
			sourceTree = "<group>";
		};
		DCD052F61C107C5A00FA7735 /* Helpers */ = {
			isa = PBXGroup;
			children = (
				DCD052F71C107C7200FA7735 /* DateHelper.swift */,
			);
			name = Helpers;
			sourceTree = "<group>";
		};
		DCD052F91C107D0800FA7735 /* Helpers */ = {
			isa = PBXGroup;
			children = (
				DCD052FA1C107D3900FA7735 /* DateHelperTests.swift */,
			);
			name = Helpers;
			sourceTree = "<group>";
		};
		DCD4242C1C4A500A00FF56E3 /* Controllers */ = {
			isa = PBXGroup;
			children = (
				DCD4242D1C4A508600FF56E3 /* OfferListViewControllerTests.swift */,
			);
			name = Controllers;
			sourceTree = "<group>";
		};
		DCD424371C4A593B00FF56E3 /* Offer */ = {
			isa = PBXGroup;
			children = (
				DCD052E01C0EDA4900FA7735 /* Offer.swift */,
				DCD424351C4A543000FF56E3 /* OfferType.swift */,
				DCD424331C4A536800FF56E3 /* OfferInfo.swift */,
				DCD4242F1C4A526D00FF56E3 /* OfferListDataProviderProtocol.swift */,
				DCD424311C4A530100FF56E3 /* OfferListDataProvider.swift */,
			);
			name = Offer;
			sourceTree = "<group>";
		};
/* End PBXGroup section */

/* Begin PBXNativeTarget section */
		DC8F92631BFF243600CBBDA2 /* BitcoinFinder */ = {
			isa = PBXNativeTarget;
			buildConfigurationList = DC8F928F1BFF243600CBBDA2 /* Build configuration list for PBXNativeTarget "BitcoinFinder" */;
			buildPhases = (
				4F75B3583CDF5E88E85C729D /* Check Pods Manifest.lock */,
				DCF9B0031C0DB812004E67A6 /* Generate License */,
				DC8F92601BFF243600CBBDA2 /* Sources */,
				DC8F92611BFF243600CBBDA2 /* Frameworks */,
				DC8F92621BFF243600CBBDA2 /* Resources */,
				7EBECFBEAB4C69DA6B396C13 /* Embed Pods Frameworks */,
				9257AC023C8A118E69672E58 /* Copy Pods Resources */,
			);
			buildRules = (
			);
			dependencies = (
			);
			name = BitcoinFinder;
			productName = BitcoinFinder;
			productReference = DC8F92641BFF243600CBBDA2 /* BitcoinFinder.app */;
			productType = "com.apple.product-type.application";
		};
		DC8F927A1BFF243600CBBDA2 /* BitcoinFinderTests */ = {
			isa = PBXNativeTarget;
			buildConfigurationList = DC8F92921BFF243600CBBDA2 /* Build configuration list for PBXNativeTarget "BitcoinFinderTests" */;
			buildPhases = (
				DC8F92771BFF243600CBBDA2 /* Sources */,
				DC8F92781BFF243600CBBDA2 /* Frameworks */,
				DC8F92791BFF243600CBBDA2 /* Resources */,
			);
			buildRules = (
			);
			dependencies = (
				DC8F927D1BFF243600CBBDA2 /* PBXTargetDependency */,
			);
			name = BitcoinFinderTests;
			productName = BitcoinFinderTests;
			productReference = DC8F927B1BFF243600CBBDA2 /* BitcoinFinderTests.xctest */;
			productType = "com.apple.product-type.bundle.unit-test";
		};
/* End PBXNativeTarget section */

/* Begin PBXProject section */
		DC8F925C1BFF243600CBBDA2 /* Project object */ = {
			isa = PBXProject;
			attributes = {
				LastSwiftUpdateCheck = 0710;
				LastUpgradeCheck = 0710;
				ORGANIZATIONNAME = xiLosada;
				TargetAttributes = {
					DC8F92631BFF243600CBBDA2 = {
						CreatedOnToolsVersion = 7.1.1;
					};
					DC8F927A1BFF243600CBBDA2 = {
						CreatedOnToolsVersion = 7.1.1;
						TestTargetID = DC8F92631BFF243600CBBDA2;
					};
				};
			};
			buildConfigurationList = DC8F925F1BFF243600CBBDA2 /* Build configuration list for PBXProject "BitcoinFinder" */;
			compatibilityVersion = "Xcode 3.2";
			developmentRegion = English;
			hasScannedForEncodings = 0;
			knownRegions = (
				en,
				Base,
			);
			mainGroup = DC8F925B1BFF243600CBBDA2;
			productRefGroup = DC8F92651BFF243600CBBDA2 /* Products */;
			projectDirPath = "";
			projectRoot = "";
			targets = (
				DC8F92631BFF243600CBBDA2 /* BitcoinFinder */,
				DC8F927A1BFF243600CBBDA2 /* BitcoinFinderTests */,
			);
		};
/* End PBXProject section */

/* Begin PBXResourcesBuildPhase section */
		DC8F92621BFF243600CBBDA2 /* Resources */ = {
			isa = PBXResourcesBuildPhase;
			buildActionMask = 2147483647;
			files = (
				DC1357FE1C0D7F08001C5B75 /* Settings.bundle in Resources */,
				DC8F92751BFF243600CBBDA2 /* LaunchScreen.storyboard in Resources */,
				DC8F92721BFF243600CBBDA2 /* Assets.xcassets in Resources */,
				DC8F926D1BFF243600CBBDA2 /* Main.storyboard in Resources */,
			);
			runOnlyForDeploymentPostprocessing = 0;
		};
		DC8F92791BFF243600CBBDA2 /* Resources */ = {
			isa = PBXResourcesBuildPhase;
			buildActionMask = 2147483647;
			files = (
			);
			runOnlyForDeploymentPostprocessing = 0;
		};
/* End PBXResourcesBuildPhase section */

/* Begin PBXShellScriptBuildPhase section */
		4F75B3583CDF5E88E85C729D /* Check Pods Manifest.lock */ = {
			isa = PBXShellScriptBuildPhase;
			buildActionMask = 2147483647;
			files = (
			);
			inputPaths = (
			);
			name = "Check Pods Manifest.lock";
			outputPaths = (
			);
			runOnlyForDeploymentPostprocessing = 0;
			shellPath = /bin/sh;
			shellScript = "diff \"${PODS_ROOT}/../Podfile.lock\" \"${PODS_ROOT}/Manifest.lock\" > /dev/null\nif [[ $? != 0 ]] ; then\n    cat << EOM\nerror: The sandbox is not in sync with the Podfile.lock. Run 'pod install' or update your CocoaPods installation.\nEOM\n    exit 1\nfi\n";
			showEnvVarsInLog = 0;
		};
		7EBECFBEAB4C69DA6B396C13 /* Embed Pods Frameworks */ = {
			isa = PBXShellScriptBuildPhase;
			buildActionMask = 2147483647;
			files = (
			);
			inputPaths = (
			);
			name = "Embed Pods Frameworks";
			outputPaths = (
			);
			runOnlyForDeploymentPostprocessing = 0;
			shellPath = /bin/sh;
			shellScript = "\"${SRCROOT}/Pods/Target Support Files/Pods/Pods-frameworks.sh\"\n";
			showEnvVarsInLog = 0;
		};
		9257AC023C8A118E69672E58 /* Copy Pods Resources */ = {
			isa = PBXShellScriptBuildPhase;
			buildActionMask = 2147483647;
			files = (
			);
			inputPaths = (
			);
			name = "Copy Pods Resources";
			outputPaths = (
			);
			runOnlyForDeploymentPostprocessing = 0;
			shellPath = /bin/sh;
			shellScript = "\"${SRCROOT}/Pods/Target Support Files/Pods/Pods-resources.sh\"\n";
			showEnvVarsInLog = 0;
		};
		DCF9B0031C0DB812004E67A6 /* Generate License */ = {
			isa = PBXShellScriptBuildPhase;
			buildActionMask = 2147483647;
			files = (
			);
			inputPaths = (
			);
			name = "Generate License";
			outputPaths = (
			);
			runOnlyForDeploymentPostprocessing = 0;
			shellPath = /bin/sh;
			shellScript = "python credits.py -s \"$SRCROOT\" -o \"$SRCROOT/Settings.bundle/Credits.plist\"";
		};
/* End PBXShellScriptBuildPhase section */

/* Begin PBXSourcesBuildPhase section */
		DC8F92601BFF243600CBBDA2 /* Sources */ = {
			isa = PBXSourcesBuildPhase;
			buildActionMask = 2147483647;
			files = (
				DCD052FF1C10A18800FA7735 /* CoinDeskBPI.swift in Sources */,
				DCD052D91C0E058D00FA7735 /* Trader.swift in Sources */,
				DC1421F71C0B86D7002ABD01 /* CoinDeskAPI.swift in Sources */,
				DC4637C01C0B8F870004E9D8 /* Ad.swift in Sources */,
				DCD424361C4A543000FF56E3 /* OfferType.swift in Sources */,
				DCD052F11C106AB700FA7735 /* BPIManager.swift in Sources */,
				DCD052DF1C0ED9F300FA7735 /* Place.swift in Sources */,
				DC5351231BFF2981008029CE /* LocalBitcoinAPI.swift in Sources */,
				DCD052EF1C0F6C1D00FA7735 /* PriceIndexViewController.swift in Sources */,
				DCD424301C4A526D00FF56E3 /* OfferListDataProviderProtocol.swift in Sources */,
				DCD424321C4A530100FF56E3 /* OfferListDataProvider.swift in Sources */,
				DCD424391C4A8BEE00FF56E3 /* OfferListViewController.swift in Sources */,
				DCD424341C4A536800FF56E3 /* OfferInfo.swift in Sources */,
				DC8F92701BFF243600CBBDA2 /* BitcoinFinder.xcdatamodeld in Sources */,
				DCD052E11C0EDA4900FA7735 /* Offer.swift in Sources */,
				DCD052F81C107C7200FA7735 /* DateHelper.swift in Sources */,
				DC8F92681BFF243600CBBDA2 /* AppDelegate.swift in Sources */,
				DCD052DC1C0E067000FA7735 /* CoreDataStackManager.swift in Sources */,
			);
			runOnlyForDeploymentPostprocessing = 0;
		};
		DC8F92771BFF243600CBBDA2 /* Sources */ = {
			isa = PBXSourcesBuildPhase;
			buildActionMask = 2147483647;
			files = (
				DCD052FD1C109AF400FA7735 /* CoinDeskBPITests.swift in Sources */,
				DCD052FB1C107D3900FA7735 /* DateHelperTests.swift in Sources */,
				DCD052E41C0F145100FA7735 /* CoinDeskAPITests.swift in Sources */,
				DCD4242E1C4A508600FF56E3 /* OfferListViewControllerTests.swift in Sources */,
				DC5351211BFF2880008029CE /* LocalBitcoinAPITests.swift in Sources */,
			);
			runOnlyForDeploymentPostprocessing = 0;
		};
/* End PBXSourcesBuildPhase section */

/* Begin PBXTargetDependency section */
		DC8F927D1BFF243600CBBDA2 /* PBXTargetDependency */ = {
			isa = PBXTargetDependency;
			target = DC8F92631BFF243600CBBDA2 /* BitcoinFinder */;
			targetProxy = DC8F927C1BFF243600CBBDA2 /* PBXContainerItemProxy */;
		};
/* End PBXTargetDependency section */

/* Begin PBXVariantGroup section */
		DC8F926B1BFF243600CBBDA2 /* Main.storyboard */ = {
			isa = PBXVariantGroup;
			children = (
				DC8F926C1BFF243600CBBDA2 /* Base */,
			);
			name = Main.storyboard;
			sourceTree = "<group>";
		};
		DC8F92731BFF243600CBBDA2 /* LaunchScreen.storyboard */ = {
			isa = PBXVariantGroup;
			children = (
				DC8F92741BFF243600CBBDA2 /* Base */,
			);
			name = LaunchScreen.storyboard;
			sourceTree = "<group>";
		};
/* End PBXVariantGroup section */

/* Begin XCBuildConfiguration section */
		DC8F928D1BFF243600CBBDA2 /* Debug */ = {
			isa = XCBuildConfiguration;
			buildSettings = {
				ALWAYS_SEARCH_USER_PATHS = NO;
				CLANG_CXX_LANGUAGE_STANDARD = "gnu++0x";
				CLANG_CXX_LIBRARY = "libc++";
				CLANG_ENABLE_MODULES = YES;
				CLANG_ENABLE_OBJC_ARC = YES;
				CLANG_WARN_BOOL_CONVERSION = YES;
				CLANG_WARN_CONSTANT_CONVERSION = YES;
				CLANG_WARN_DIRECT_OBJC_ISA_USAGE = YES_ERROR;
				CLANG_WARN_EMPTY_BODY = YES;
				CLANG_WARN_ENUM_CONVERSION = YES;
				CLANG_WARN_INT_CONVERSION = YES;
				CLANG_WARN_OBJC_ROOT_CLASS = YES_ERROR;
				CLANG_WARN_UNREACHABLE_CODE = YES;
				CLANG_WARN__DUPLICATE_METHOD_MATCH = YES;
				"CODE_SIGN_IDENTITY[sdk=iphoneos*]" = "iPhone Developer";
				CONFIGURATION_BUILD_DIR = "$(BUILD_DIR)/$(CONFIGURATION)$(EFFECTIVE_PLATFORM_NAME)";
				COPY_PHASE_STRIP = NO;
				DEBUG_INFORMATION_FORMAT = dwarf;
				ENABLE_STRICT_OBJC_MSGSEND = YES;
				ENABLE_TESTABILITY = YES;
				GCC_C_LANGUAGE_STANDARD = gnu99;
				GCC_DYNAMIC_NO_PIC = NO;
				GCC_NO_COMMON_BLOCKS = YES;
				GCC_OPTIMIZATION_LEVEL = 0;
				GCC_PREPROCESSOR_DEFINITIONS = (
					"DEBUG=1",
					"$(inherited)",
				);
				GCC_WARN_64_TO_32_BIT_CONVERSION = YES;
				GCC_WARN_ABOUT_RETURN_TYPE = YES_ERROR;
				GCC_WARN_UNDECLARED_SELECTOR = YES;
				GCC_WARN_UNINITIALIZED_AUTOS = YES_AGGRESSIVE;
				GCC_WARN_UNUSED_FUNCTION = YES;
				GCC_WARN_UNUSED_VARIABLE = YES;
				IPHONEOS_DEPLOYMENT_TARGET = 8.1;
				MTL_ENABLE_DEBUG_INFO = YES;
				ONLY_ACTIVE_ARCH = YES;
				SDKROOT = iphoneos;
				SWIFT_OPTIMIZATION_LEVEL = "-Onone";
			};
			name = Debug;
		};
		DC8F928E1BFF243600CBBDA2 /* Release */ = {
			isa = XCBuildConfiguration;
			buildSettings = {
				ALWAYS_SEARCH_USER_PATHS = NO;
				CLANG_CXX_LANGUAGE_STANDARD = "gnu++0x";
				CLANG_CXX_LIBRARY = "libc++";
				CLANG_ENABLE_MODULES = YES;
				CLANG_ENABLE_OBJC_ARC = YES;
				CLANG_WARN_BOOL_CONVERSION = YES;
				CLANG_WARN_CONSTANT_CONVERSION = YES;
				CLANG_WARN_DIRECT_OBJC_ISA_USAGE = YES_ERROR;
				CLANG_WARN_EMPTY_BODY = YES;
				CLANG_WARN_ENUM_CONVERSION = YES;
				CLANG_WARN_INT_CONVERSION = YES;
				CLANG_WARN_OBJC_ROOT_CLASS = YES_ERROR;
				CLANG_WARN_UNREACHABLE_CODE = YES;
				CLANG_WARN__DUPLICATE_METHOD_MATCH = YES;
				"CODE_SIGN_IDENTITY[sdk=iphoneos*]" = "iPhone Developer";
				CONFIGURATION_BUILD_DIR = "$(BUILD_DIR)/$(CONFIGURATION)$(EFFECTIVE_PLATFORM_NAME)";
				COPY_PHASE_STRIP = NO;
				DEBUG_INFORMATION_FORMAT = "dwarf-with-dsym";
				ENABLE_NS_ASSERTIONS = NO;
				ENABLE_STRICT_OBJC_MSGSEND = YES;
				ENABLE_TESTABILITY = YES;
				GCC_C_LANGUAGE_STANDARD = gnu99;
				GCC_NO_COMMON_BLOCKS = YES;
				GCC_WARN_64_TO_32_BIT_CONVERSION = YES;
				GCC_WARN_ABOUT_RETURN_TYPE = YES_ERROR;
				GCC_WARN_UNDECLARED_SELECTOR = YES;
				GCC_WARN_UNINITIALIZED_AUTOS = YES_AGGRESSIVE;
				GCC_WARN_UNUSED_FUNCTION = YES;
				GCC_WARN_UNUSED_VARIABLE = YES;
				IPHONEOS_DEPLOYMENT_TARGET = 8.1;
				MTL_ENABLE_DEBUG_INFO = NO;
				SDKROOT = iphoneos;
				VALIDATE_PRODUCT = YES;
			};
			name = Release;
		};
		DC8F92901BFF243600CBBDA2 /* Debug */ = {
			isa = XCBuildConfiguration;
			baseConfigurationReference = 0EECE7F408DD4DBF3C6756C5 /* Pods.debug.xcconfig */;
			buildSettings = {
				ASSETCATALOG_COMPILER_APPICON_NAME = AppIcon;
				FRAMEWORK_SEARCH_PATHS = (
					"$(inherited)",
					"$(PROJECT_DIR)/build/Debug-iphoneos",
					"$(PROJECT_DIR)/build/Release-iphoneos",
				);
				GCC_GENERATE_TEST_COVERAGE_FILES = YES;
				INFOPLIST_FILE = BitcoinFinder/Info.plist;
				LD_RUNPATH_SEARCH_PATHS = "$(inherited) @executable_path/Frameworks";
				PRODUCT_BUNDLE_IDENTIFIER = com.xilosada.BitcoinFinder;
				PRODUCT_NAME = "$(TARGET_NAME)";
			};
			name = Debug;
		};
		DC8F92911BFF243600CBBDA2 /* Release */ = {
			isa = XCBuildConfiguration;
			baseConfigurationReference = 2A9D65BF955D5DA4134FAE58 /* Pods.release.xcconfig */;
			buildSettings = {
				ASSETCATALOG_COMPILER_APPICON_NAME = AppIcon;
				FRAMEWORK_SEARCH_PATHS = (
					"$(inherited)",
					"$(PROJECT_DIR)/build/Debug-iphoneos",
					"$(PROJECT_DIR)/build/Release-iphoneos",
				);
				GCC_GENERATE_TEST_COVERAGE_FILES = YES;
				INFOPLIST_FILE = BitcoinFinder/Info.plist;
				LD_RUNPATH_SEARCH_PATHS = "$(inherited) @executable_path/Frameworks";
				PRODUCT_BUNDLE_IDENTIFIER = com.xilosada.BitcoinFinder;
				PRODUCT_NAME = "$(TARGET_NAME)";
			};
			name = Release;
		};
		DC8F92931BFF243600CBBDA2 /* Debug */ = {
			isa = XCBuildConfiguration;
			buildSettings = {
				BUNDLE_LOADER = "$(TEST_HOST)";
				FRAMEWORK_SEARCH_PATHS = (
					"$(inherited)",
					"$(PROJECT_DIR)/build/Release-iphoneos",
					"$(PROJECT_DIR)/build/Debug-iphoneos",
				);
				GCC_GENERATE_TEST_COVERAGE_FILES = NO;
				INFOPLIST_FILE = BitcoinFinderTests/Info.plist;
				LD_RUNPATH_SEARCH_PATHS = "$(inherited) @executable_path/Frameworks @loader_path/Frameworks";
				PRODUCT_BUNDLE_IDENTIFIER = com.xilosada.BitcoinFinderTests;
				PRODUCT_NAME = "$(TARGET_NAME)";
				TEST_HOST = "$(BUILT_PRODUCTS_DIR)/BitcoinFinder.app/BitcoinFinder";
			};
			name = Debug;
		};
		DC8F92941BFF243600CBBDA2 /* Release */ = {
			isa = XCBuildConfiguration;
			buildSettings = {
				BUNDLE_LOADER = "$(TEST_HOST)";
				FRAMEWORK_SEARCH_PATHS = (
					"$(inherited)",
					"$(PROJECT_DIR)/build/Release-iphoneos",
					"$(PROJECT_DIR)/build/Debug-iphoneos",
				);
				GCC_GENERATE_TEST_COVERAGE_FILES = NO;
				INFOPLIST_FILE = BitcoinFinderTests/Info.plist;
				LD_RUNPATH_SEARCH_PATHS = "$(inherited) @executable_path/Frameworks @loader_path/Frameworks";
				PRODUCT_BUNDLE_IDENTIFIER = com.xilosada.BitcoinFinderTests;
				PRODUCT_NAME = "$(TARGET_NAME)";
				TEST_HOST = "$(BUILT_PRODUCTS_DIR)/BitcoinFinder.app/BitcoinFinder";
			};
			name = Release;
		};
/* End XCBuildConfiguration section */

/* Begin XCConfigurationList section */
		DC8F925F1BFF243600CBBDA2 /* Build configuration list for PBXProject "BitcoinFinder" */ = {
			isa = XCConfigurationList;
			buildConfigurations = (
				DC8F928D1BFF243600CBBDA2 /* Debug */,
				DC8F928E1BFF243600CBBDA2 /* Release */,
			);
			defaultConfigurationIsVisible = 0;
			defaultConfigurationName = Release;
		};
		DC8F928F1BFF243600CBBDA2 /* Build configuration list for PBXNativeTarget "BitcoinFinder" */ = {
			isa = XCConfigurationList;
			buildConfigurations = (
				DC8F92901BFF243600CBBDA2 /* Debug */,
				DC8F92911BFF243600CBBDA2 /* Release */,
			);
			defaultConfigurationIsVisible = 0;
			defaultConfigurationName = Release;
		};
		DC8F92921BFF243600CBBDA2 /* Build configuration list for PBXNativeTarget "BitcoinFinderTests" */ = {
			isa = XCConfigurationList;
			buildConfigurations = (
				DC8F92931BFF243600CBBDA2 /* Debug */,
				DC8F92941BFF243600CBBDA2 /* Release */,
			);
			defaultConfigurationIsVisible = 0;
			defaultConfigurationName = Release;
		};
/* End XCConfigurationList section */

/* Begin XCVersionGroup section */
		DC8F926E1BFF243600CBBDA2 /* BitcoinFinder.xcdatamodeld */ = {
			isa = XCVersionGroup;
			children = (
				DC8F926F1BFF243600CBBDA2 /* BitcoinFinder.xcdatamodel */,
			);
			currentVersion = DC8F926F1BFF243600CBBDA2 /* BitcoinFinder.xcdatamodel */;
			path = BitcoinFinder.xcdatamodeld;
			sourceTree = "<group>";
			versionGroupType = wrapper.xcdatamodel;
		};
/* End XCVersionGroup section */
	};
	rootObject = DC8F925C1BFF243600CBBDA2 /* Project object */;
}
